
Microsoft Visual Studio Solution File, Format Version 12.00
Project("{FAE04EC0-301F-11D3-BF4B-00C04F79EFBC}") = "PasswordKeeperBlazor", "PasswordKeeperBlazor\PasswordKeeperBlazor.csproj", "{31F7CABA-EA0C-409F-AB03-8BB74D72DDE9}"
EndProject
Project("{FAE04EC0-301F-11D3-BF4B-00C04F79EFBC}") = "Crypto", "Crypto\Crypto.csproj", "{7B24B4EE-B899-4085-A8B1-D294B5B8FD88}"
EndProject
Project("{FAE04EC0-301F-11D3-BF4B-00C04F79EFBC}") = "Accounts", "Accounts\Accounts.csproj", "{34FE1154-44FD-4D4E-B60E-82353B4FB4F3}"
EndProject
Global
	GlobalSection(SolutionConfigurationPlatforms) = preSolution
		Debug|Any CPU = Debug|Any CPU
		Release|Any CPU = Release|Any CPU
	EndGlobalSection
	GlobalSection(ProjectConfigurationPlatforms) = postSolution
		{31F7CABA-EA0C-409F-AB03-8BB74D72DDE9}.Debug|Any CPU.ActiveCfg = Debug|Any CPU
		{31F7CABA-EA0C-409F-AB03-8BB74D72DDE9}.Debug|Any CPU.Build.0 = Debug|Any CPU
		{31F7CABA-EA0C-409F-AB03-8BB74D72DDE9}.Release|Any CPU.ActiveCfg = Release|Any CPU
		{31F7CABA-EA0C-409F-AB03-8BB74D72DDE9}.Release|Any CPU.Build.0 = Release|Any CPU
		{7B24B4EE-B899-4085-A8B1-D294B5B8FD88}.Debug|Any CPU.ActiveCfg = Debug|Any CPU
		{7B24B4EE-B899-4085-A8B1-D294B5B8FD88}.Debug|Any CPU.Build.0 = Debug|Any CPU
		{7B24B4EE-B899-4085-A8B1-D294B5B8FD88}.Release|Any CPU.ActiveCfg = Release|Any CPU
		{7B24B4EE-B899-4085-A8B1-D294B5B8FD88}.Release|Any CPU.Build.0 = Release|Any CPU
		{34FE1154-44FD-4D4E-B60E-82353B4FB4F3}.Debug|Any CPU.ActiveCfg = Debug|Any CPU
		{34FE1154-44FD-4D4E-B60E-82353B4FB4F3}.Debug|Any CPU.Build.0 = Debug|Any CPU
		{34FE1154-44FD-4D4E-B60E-82353B4FB4F3}.Release|Any CPU.ActiveCfg = Release|Any CPU
		{34FE1154-44FD-4D4E-B60E-82353B4FB4F3}.Release|Any CPU.Build.0 = Release|Any CPU
	EndGlobalSection
EndGlobal
